# THIS IS AN AUTOGENERATED FILE. DO NOT EDIT THIS FILE DIRECTLY.
# yarn lockfile v1


"@bufbuild/buf-darwin-arm64@1.58.0":
  version "1.58.0"
  resolved "https://registry.yarnpkg.com/@bufbuild/buf-darwin-arm64/-/buf-darwin-arm64-1.58.0.tgz#89de924ab56c978e88553155ec5c9a7ec5d2fa69"
  integrity sha512-bMlTG23f7oIrroVM7dijbCxwLy+fd4QOAkmnIkZ922UIuwXkexr8TWzrul4Ivs0Af6aOWNzQSyHrh3UkGNZa2A==

"@bufbuild/buf-darwin-x64@1.58.0":
  version "1.58.0"
  resolved "https://registry.yarnpkg.com/@bufbuild/buf-darwin-x64/-/buf-darwin-x64-1.58.0.tgz#afa35e9ca20ba98bf002cdc0e3822b141b606a41"
  integrity sha512-sNOu4ta7IDaQi4F66BXk76AQVCr0H10Ic7UFfU9ELs1f+FP+JYsQRU5CrWeaDWnLUTu3o4EZqwC6AvhGLOJUnw==

"@bufbuild/buf-linux-aarch64@1.58.0":
  version "1.58.0"
  resolved "https://registry.yarnpkg.com/@bufbuild/buf-linux-aarch64/-/buf-linux-aarch64-1.58.0.tgz#738d67f5ec3762c89208520457dc84b0401384e4"
  integrity sha512-UE3tmIBpA4tK4Y34602UAbCFJzZVuRrFoXys5qSu9LnqhP9OF+vT6x9SXpAlQigmq3VGwNr8wgxD17ys2oDEmA==

"@bufbuild/buf-linux-armv7@1.58.0":
  version "1.58.0"
  resolved "https://registry.yarnpkg.com/@bufbuild/buf-linux-armv7/-/buf-linux-armv7-1.58.0.tgz#92e8a9aa9d0fe143dc770b079f2aec91aa87ecbb"
  integrity sha512-6V0bEseFAcNGP8IyHb1b3dEr/FpeuN6A/gHNotJ8zZbtyWsKEPsiSNomED8bARvW/3hs802khVJAUeD0duIpAw==

"@bufbuild/buf-linux-x64@1.58.0":
  version "1.58.0"
  resolved "https://registry.yarnpkg.com/@bufbuild/buf-linux-x64/-/buf-linux-x64-1.58.0.tgz#92b872e2bb3d28615dc6f3e3a5f63d4aa115b71f"
  integrity sha512-k2xOlOky3IY9Zxeih5vccfp/MDfO0UPZfGYxkYJ7reNuUTtJEOWfzuQxeZY+E8q1W83RtIwGjAVhbKYCGA1MpQ==

"@bufbuild/buf-win32-arm64@1.58.0":
  version "1.58.0"
  resolved "https://registry.yarnpkg.com/@bufbuild/buf-win32-arm64/-/buf-win32-arm64-1.58.0.tgz#51e90062514dc3d7c2f2d6de3dfcb8c230126f96"
  integrity sha512-GXNjYaOyjJ2J4hhCkldsc3r6eS1YqQ+qOHsn/PvtcxUkzV6UN5HoLoh0Bx/NStZOA4QqCEfQphLUqJLvwBuhbw==

"@bufbuild/buf-win32-x64@1.58.0":
  version "1.58.0"
  resolved "https://registry.yarnpkg.com/@bufbuild/buf-win32-x64/-/buf-win32-x64-1.58.0.tgz#5cfa61455d44a4ff394b22dd367b4af648fcbca9"
  integrity sha512-5o1d/7lEeDXuTyroiro+rRmFAbKIaKjVCFZwF0pPISUmIANFzvI41UpzciMQACXCSnYQdEcNHLtZRGCzGT9GiQ==

"@bufbuild/buf@^1.58.0":
  version "1.58.0"
  resolved "https://registry.yarnpkg.com/@bufbuild/buf/-/buf-1.58.0.tgz#0ef2954931515913295bcdd3e47942c19da2eb31"
  integrity sha512-/R+6kyZijftKDFLwY2JlvXqreZrIkz6jvcsmILXC0HwjkJ8dcADSPS93CFTZrtDQfui6K/GCJOsZrNbY5SLRyA==
  optionalDependencies:
    "@bufbuild/buf-darwin-arm64" "1.58.0"
    "@bufbuild/buf-darwin-x64" "1.58.0"
    "@bufbuild/buf-linux-aarch64" "1.58.0"
    "@bufbuild/buf-linux-armv7" "1.58.0"
    "@bufbuild/buf-linux-x64" "1.58.0"
    "@bufbuild/buf-win32-arm64" "1.58.0"
    "@bufbuild/buf-win32-x64" "1.58.0"

"@bufbuild/protobuf@^2.0.0":
  version "2.9.0"
  resolved "https://registry.yarnpkg.com/@bufbuild/protobuf/-/protobuf-2.9.0.tgz#ff8827be3d8e56d74a03530cff8b0e1952aa115e"
  integrity sha512-rnJenoStJ8nvmt9Gzye8nkYd6V22xUAnu4086ER7h1zJ508vStko4pMvDeQ446ilDTFpV5wnoc5YS7XvMwwMqA==

case-anything@^2.1.13:
  version "2.1.13"
  resolved "https://registry.yarnpkg.com/case-anything/-/case-anything-2.1.13.tgz#0cdc16278cb29a7fcdeb072400da3f342ba329e9"
  integrity sha512-zlOQ80VrQ2Ue+ymH5OuM/DlDq64mEm+B9UTdHULv5osUMD6HalNTblf2b1u/m6QecjsnOkBpqVZ+XPwIVsy7Ng==

detect-libc@^1.0.3:
  version "1.0.3"
  resolved "https://registry.yarnpkg.com/detect-libc/-/detect-libc-1.0.3.tgz#fa137c4bd698edf55cd5cd02ac559f91a4c4ba9b"
  integrity sha512-pGjwhsmsp4kL2RTz08wcOlGN83otlqHeD/Z5T8GXZB+/YcpQ/dgo+lbU8ZsGxV0HIvqqxo9l7mqYwyYMD9bKDg==

dprint-node@^1.0.8:
  version "1.0.8"
  resolved "https://registry.yarnpkg.com/dprint-node/-/dprint-node-1.0.8.tgz#a02470722d8208a7d7eb3704328afda1d6758625"
  integrity sha512-iVKnUtYfGrYcW1ZAlfR/F59cUVL8QIhWoBJoSjkkdua/dkWIgjZfiLMeTjiB06X0ZLkQ0M2C1VbUj/CxkIf1zg==
  dependencies:
    detect-libc "^1.0.3"

ts-poet@^6.12.0:
  version "6.12.0"
  resolved "https://registry.yarnpkg.com/ts-poet/-/ts-poet-6.12.0.tgz#f28eb91778fdff8e1b264600c7ddddb40cd39d84"
  integrity sha512-xo+iRNMWqyvXpFTaOAvLPA5QAWO6TZrSUs5s4Odaya3epqofBu/fMLHEWl8jPmjhA0s9sgj9sNvF1BmaQlmQkA==
  dependencies:
    dprint-node "^1.0.8"

ts-proto-descriptors@2.0.0:
  version "2.0.0"
  resolved "https://registry.yarnpkg.com/ts-proto-descriptors/-/ts-proto-descriptors-2.0.0.tgz#3a0e301a91cc6e932ac8dd13f7e07caa8a032c43"
  integrity sha512-wHcTH3xIv11jxgkX5OyCSFfw27agpInAd6yh89hKG6zqIXnjW9SYqSER2CVQxdPj4czeOhGagNvZBEbJPy7qkw==
  dependencies:
    "@bufbuild/protobuf" "^2.0.0"

ts-proto@^2.7.7:
  version "2.7.7"
  resolved "https://registry.yarnpkg.com/ts-proto/-/ts-proto-2.7.7.tgz#a30f164b3dc65123816fe0f6af4a7bd7caf99d75"
  integrity sha512-/OfN9/Yriji2bbpOysZ/Jzc96isOKz+eBTJEcKaIZ0PR6x1TNgVm4Lz0zfbo+J0jwFO7fJjJyssefBPQ0o1V9A==
  dependencies:
    "@bufbuild/protobuf" "^2.0.0"
    case-anything "^2.1.13"
    ts-poet "^6.12.0"
    ts-proto-descriptors "2.0.0"
